
Microsoft Visual Studio Solution File, Format Version 12.00
# Visual Studio Version 17
VisualStudioVersion = 17.0.31903.59
MinimumVisualStudioVersion = 10.0.40219.1
Project("{FAE04EC0-301F-11D3-BF4B-00C04F79EFBC}") = "EmployeeManagement.Domain", "EmployeeManagement.Domain\EmployeeManagement.Domain.csproj", "{6B8BEA04-B571-4587-8180-5EC46DCA4C3D}"
EndProject
Project("{FAE04EC0-301F-11D3-BF4B-00C04F79EFBC}") = "EmployeeManagement.Application", "EmployeeManagement.Application\EmployeeManagement.Application.csproj", "{DCC18BBC-44E5-4161-B30C-AC556679D447}"
EndProject
Project("{FAE04EC0-301F-11D3-BF4B-00C04F79EFBC}") = "EmployeeManagement.Infrastructure", "EmployeeManagement.Infrastructure\EmployeeManagement.Infrastructure.csproj", "{D79EE04E-FB29-4C60-B6C6-A9F7C158A5A4}"
EndProject
Project("{FAE04EC0-301F-11D3-BF4B-00C04F79EFBC}") = "EmployeeManagement.Scheduler", "EmployeeManagement.Scheduler\EmployeeManagement.Scheduler.csproj", "{2F24F713-76D6-4F23-B19A-AF79381E8D3C}"
EndProject
Project("{FAE04EC0-301F-11D3-BF4B-00C04F79EFBC}") = "EmployeeManagement.Api", "EmployeeManagement.Api\EmployeeManagement.Api.csproj", "{1D4CAB27-1A46-4979-93F1-8C101F460FC1}"
EndProject
Global
	GlobalSection(SolutionConfigurationPlatforms) = preSolution
		Debug|Any CPU = Debug|Any CPU
		Debug|x64 = Debug|x64
		Debug|x86 = Debug|x86
		Release|Any CPU = Release|Any CPU
		Release|x64 = Release|x64
		Release|x86 = Release|x86
	EndGlobalSection
	GlobalSection(ProjectConfigurationPlatforms) = postSolution
		{6B8BEA04-B571-4587-8180-5EC46DCA4C3D}.Debug|Any CPU.ActiveCfg = Debug|Any CPU
		{6B8BEA04-B571-4587-8180-5EC46DCA4C3D}.Debug|Any CPU.Build.0 = Debug|Any CPU
		{6B8BEA04-B571-4587-8180-5EC46DCA4C3D}.Debug|x64.ActiveCfg = Debug|Any CPU
		{6B8BEA04-B571-4587-8180-5EC46DCA4C3D}.Debug|x64.Build.0 = Debug|Any CPU
		{6B8BEA04-B571-4587-8180-5EC46DCA4C3D}.Debug|x86.ActiveCfg = Debug|Any CPU
		{6B8BEA04-B571-4587-8180-5EC46DCA4C3D}.Debug|x86.Build.0 = Debug|Any CPU
		{6B8BEA04-B571-4587-8180-5EC46DCA4C3D}.Release|Any CPU.ActiveCfg = Release|Any CPU
		{6B8BEA04-B571-4587-8180-5EC46DCA4C3D}.Release|Any CPU.Build.0 = Release|Any CPU
		{6B8BEA04-B571-4587-8180-5EC46DCA4C3D}.Release|x64.ActiveCfg = Release|Any CPU
		{6B8BEA04-B571-4587-8180-5EC46DCA4C3D}.Release|x64.Build.0 = Release|Any CPU
		{6B8BEA04-B571-4587-8180-5EC46DCA4C3D}.Release|x86.ActiveCfg = Release|Any CPU
		{6B8BEA04-B571-4587-8180-5EC46DCA4C3D}.Release|x86.Build.0 = Release|Any CPU
		{DCC18BBC-44E5-4161-B30C-AC556679D447}.Debug|Any CPU.ActiveCfg = Debug|Any CPU
		{DCC18BBC-44E5-4161-B30C-AC556679D447}.Debug|Any CPU.Build.0 = Debug|Any CPU
		{DCC18BBC-44E5-4161-B30C-AC556679D447}.Debug|x64.ActiveCfg = Debug|Any CPU
		{DCC18BBC-44E5-4161-B30C-AC556679D447}.Debug|x64.Build.0 = Debug|Any CPU
		{DCC18BBC-44E5-4161-B30C-AC556679D447}.Debug|x86.ActiveCfg = Debug|Any CPU
		{DCC18BBC-44E5-4161-B30C-AC556679D447}.Debug|x86.Build.0 = Debug|Any CPU
		{DCC18BBC-44E5-4161-B30C-AC556679D447}.Release|Any CPU.ActiveCfg = Release|Any CPU
		{DCC18BBC-44E5-4161-B30C-AC556679D447}.Release|Any CPU.Build.0 = Release|Any CPU
		{DCC18BBC-44E5-4161-B30C-AC556679D447}.Release|x64.ActiveCfg = Release|Any CPU
		{DCC18BBC-44E5-4161-B30C-AC556679D447}.Release|x64.Build.0 = Release|Any CPU
		{DCC18BBC-44E5-4161-B30C-AC556679D447}.Release|x86.ActiveCfg = Release|Any CPU
		{DCC18BBC-44E5-4161-B30C-AC556679D447}.Release|x86.Build.0 = Release|Any CPU
		{D79EE04E-FB29-4C60-B6C6-A9F7C158A5A4}.Debug|Any CPU.ActiveCfg = Debug|Any CPU
		{D79EE04E-FB29-4C60-B6C6-A9F7C158A5A4}.Debug|Any CPU.Build.0 = Debug|Any CPU
		{D79EE04E-FB29-4C60-B6C6-A9F7C158A5A4}.Debug|x64.ActiveCfg = Debug|Any CPU
		{D79EE04E-FB29-4C60-B6C6-A9F7C158A5A4}.Debug|x64.Build.0 = Debug|Any CPU
		{D79EE04E-FB29-4C60-B6C6-A9F7C158A5A4}.Debug|x86.ActiveCfg = Debug|Any CPU
		{D79EE04E-FB29-4C60-B6C6-A9F7C158A5A4}.Debug|x86.Build.0 = Debug|Any CPU
		{D79EE04E-FB29-4C60-B6C6-A9F7C158A5A4}.Release|Any CPU.ActiveCfg = Release|Any CPU
		{D79EE04E-FB29-4C60-B6C6-A9F7C158A5A4}.Release|Any CPU.Build.0 = Release|Any CPU
		{D79EE04E-FB29-4C60-B6C6-A9F7C158A5A4}.Release|x64.ActiveCfg = Release|Any CPU
		{D79EE04E-FB29-4C60-B6C6-A9F7C158A5A4}.Release|x64.Build.0 = Release|Any CPU
		{D79EE04E-FB29-4C60-B6C6-A9F7C158A5A4}.Release|x86.ActiveCfg = Release|Any CPU
		{D79EE04E-FB29-4C60-B6C6-A9F7C158A5A4}.Release|x86.Build.0 = Release|Any CPU
		{2F24F713-76D6-4F23-B19A-AF79381E8D3C}.Debug|Any CPU.ActiveCfg = Debug|Any CPU
		{2F24F713-76D6-4F23-B19A-AF79381E8D3C}.Debug|Any CPU.Build.0 = Debug|Any CPU
		{2F24F713-76D6-4F23-B19A-AF79381E8D3C}.Debug|x64.ActiveCfg = Debug|Any CPU
		{2F24F713-76D6-4F23-B19A-AF79381E8D3C}.Debug|x64.Build.0 = Debug|Any CPU
		{2F24F713-76D6-4F23-B19A-AF79381E8D3C}.Debug|x86.ActiveCfg = Debug|Any CPU
		{2F24F713-76D6-4F23-B19A-AF79381E8D3C}.Debug|x86.Build.0 = Debug|Any CPU
		{2F24F713-76D6-4F23-B19A-AF79381E8D3C}.Release|Any CPU.ActiveCfg = Release|Any CPU
		{2F24F713-76D6-4F23-B19A-AF79381E8D3C}.Release|Any CPU.Build.0 = Release|Any CPU
		{2F24F713-76D6-4F23-B19A-AF79381E8D3C}.Release|x64.ActiveCfg = Release|Any CPU
		{2F24F713-76D6-4F23-B19A-AF79381E8D3C}.Release|x64.Build.0 = Release|Any CPU
		{2F24F713-76D6-4F23-B19A-AF79381E8D3C}.Release|x86.ActiveCfg = Release|Any CPU
		{2F24F713-76D6-4F23-B19A-AF79381E8D3C}.Release|x86.Build.0 = Release|Any CPU
		{1D4CAB27-1A46-4979-93F1-8C101F460FC1}.Debug|Any CPU.ActiveCfg = Debug|Any CPU
		{1D4CAB27-1A46-4979-93F1-8C101F460FC1}.Debug|Any CPU.Build.0 = Debug|Any CPU
		{1D4CAB27-1A46-4979-93F1-8C101F460FC1}.Debug|x64.ActiveCfg = Debug|Any CPU
		{1D4CAB27-1A46-4979-93F1-8C101F460FC1}.Debug|x64.Build.0 = Debug|Any CPU
		{1D4CAB27-1A46-4979-93F1-8C101F460FC1}.Debug|x86.ActiveCfg = Debug|Any CPU
		{1D4CAB27-1A46-4979-93F1-8C101F460FC1}.Debug|x86.Build.0 = Debug|Any CPU
		{1D4CAB27-1A46-4979-93F1-8C101F460FC1}.Release|Any CPU.ActiveCfg = Release|Any CPU
		{1D4CAB27-1A46-4979-93F1-8C101F460FC1}.Release|Any CPU.Build.0 = Release|Any CPU
		{1D4CAB27-1A46-4979-93F1-8C101F460FC1}.Release|x64.ActiveCfg = Release|Any CPU
		{1D4CAB27-1A46-4979-93F1-8C101F460FC1}.Release|x64.Build.0 = Release|Any CPU
		{1D4CAB27-1A46-4979-93F1-8C101F460FC1}.Release|x86.ActiveCfg = Release|Any CPU
		{1D4CAB27-1A46-4979-93F1-8C101F460FC1}.Release|x86.Build.0 = Release|Any CPU
	EndGlobalSection
	GlobalSection(SolutionProperties) = preSolution
		HideSolutionNode = FALSE
	EndGlobalSection
EndGlobal
